// !$*UTF8*$!
{
	archiveVersion = 1;
	classes = {
	};
	objectVersion = 50;
	objects = {

/* Begin PBXBuildFile section */
		8F5256C120E61A3F008CC8E8 /* AppDelegate.swift in Sources */ = {isa = PBXBuildFile; fileRef = 8F5256C020E61A3F008CC8E8 /* AppDelegate.swift */; };
		8F5256C320E61A3F008CC8E8 /* EntryViewController.swift in Sources */ = {isa = PBXBuildFile; fileRef = 8F5256C220E61A3F008CC8E8 /* EntryViewController.swift */; };
		8F5256C620E61A3F008CC8E8 /* Main.storyboard in Resources */ = {isa = PBXBuildFile; fileRef = 8F5256C420E61A3F008CC8E8 /* Main.storyboard */; };
		8F5256C820E61A40008CC8E8 /* Assets.xcassets in Resources */ = {isa = PBXBuildFile; fileRef = 8F5256C720E61A40008CC8E8 /* Assets.xcassets */; };
		8F5256CB20E61A40008CC8E8 /* LaunchScreen.storyboard in Resources */ = {isa = PBXBuildFile; fileRef = 8F5256C920E61A40008CC8E8 /* LaunchScreen.storyboard */; };
		8F5256D620E61A40008CC8E8 /* R3PIBasketTests.swift in Sources */ = {isa = PBXBuildFile; fileRef = 8F5256D520E61A40008CC8E8 /* R3PIBasketTests.swift */; };
		8F5256E120E61A40008CC8E8 /* R3PIBasketUITests.swift in Sources */ = {isa = PBXBuildFile; fileRef = 8F5256E020E61A40008CC8E8 /* R3PIBasketUITests.swift */; };
		8F5256F320E61B29008CC8E8 /* AppConstants.swift in Sources */ = {isa = PBXBuildFile; fileRef = 8F5256F220E61B28008CC8E8 /* AppConstants.swift */; };
		8F5256F720E61BB8008CC8E8 /* iKKExtensions.swift in Sources */ = {isa = PBXBuildFile; fileRef = 8F5256F520E61BB8008CC8E8 /* iKKExtensions.swift */; };
		8F5256F820E61BB8008CC8E8 /* iKKFunctions.swift in Sources */ = {isa = PBXBuildFile; fileRef = 8F5256F620E61BB8008CC8E8 /* iKKFunctions.swift */; };
		8F5256FB20E61D20008CC8E8 /* NetworkReachability.swift in Sources */ = {isa = PBXBuildFile; fileRef = 8F5256FA20E61D20008CC8E8 /* NetworkReachability.swift */; };
		8F52570020E6212D008CC8E8 /* Quotes.swift in Sources */ = {isa = PBXBuildFile; fileRef = 8F5256FE20E6212D008CC8E8 /* Quotes.swift */; };
		8F52570120E6212D008CC8E8 /* CurrencyModelResult.swift in Sources */ = {isa = PBXBuildFile; fileRef = 8F5256FF20E6212D008CC8E8 /* CurrencyModelResult.swift */; };
		8F52570320E624CF008CC8E8 /* CurrencyPlayerAPI.swift in Sources */ = {isa = PBXBuildFile; fileRef = 8F52570220E624CF008CC8E8 /* CurrencyPlayerAPI.swift */; };
		8F52570620E625D0008CC8E8 /* CurrencyPlayerFetcher.swift in Sources */ = {isa = PBXBuildFile; fileRef = 8F52570520E625D0008CC8E8 /* CurrencyPlayerFetcher.swift */; };
		8F52570920E62708008CC8E8 /* iKKErrors.swift in Sources */ = {isa = PBXBuildFile; fileRef = 8F52570820E62708008CC8E8 /* iKKErrors.swift */; };
		8F52570B20E63660008CC8E8 /* CurrenyChoiceTableViewController.swift in Sources */ = {isa = PBXBuildFile; fileRef = 8F52570A20E63660008CC8E8 /* CurrenyChoiceTableViewController.swift */; };
		8F536FDC20E63B3700321A8D /* Currency.swift in Sources */ = {isa = PBXBuildFile; fileRef = 8F536FDB20E63B3700321A8D /* Currency.swift */; };
		8F536FDE20E63F2F00321A8D /* iKKProtocols.swift in Sources */ = {isa = PBXBuildFile; fileRef = 8F536FDD20E63F2F00321A8D /* iKKProtocols.swift */; };
		8F536FE120E6421300321A8D /* CurrencyCustomTableViewCell.swift in Sources */ = {isa = PBXBuildFile; fileRef = 8F536FE020E6421300321A8D /* CurrencyCustomTableViewCell.swift */; };
		8F536FE420E6443C00321A8D /* UIButton_iKK.swift in Sources */ = {isa = PBXBuildFile; fileRef = 8F536FE320E6443C00321A8D /* UIButton_iKK.swift */; };
		8FF9C08C20E9650F003A140C /* ProductChoiceViewController.swift in Sources */ = {isa = PBXBuildFile; fileRef = 8FF9C08B20E9650F003A140C /* ProductChoiceViewController.swift */; };
		8FF9C08E20E965DB003A140C /* ProductChoiceCustomTableViewCell.swift in Sources */ = {isa = PBXBuildFile; fileRef = 8FF9C08D20E965DB003A140C /* ProductChoiceCustomTableViewCell.swift */; };
		8FF9C09020E96B9C003A140C /* ProductsChoiceModel.swift in Sources */ = {isa = PBXBuildFile; fileRef = 8FF9C08F20E96B9C003A140C /* ProductsChoiceModel.swift */; };
/* End PBXBuildFile section */

/* Begin PBXContainerItemProxy section */
		8F5256D220E61A40008CC8E8 /* PBXContainerItemProxy */ = {
			isa = PBXContainerItemProxy;
			containerPortal = 8F5256B520E61A3F008CC8E8 /* Project object */;
			proxyType = 1;
			remoteGlobalIDString = 8F5256BC20E61A3F008CC8E8;
			remoteInfo = R3PIBasket;
		};
		8F5256DD20E61A40008CC8E8 /* PBXContainerItemProxy */ = {
			isa = PBXContainerItemProxy;
			containerPortal = 8F5256B520E61A3F008CC8E8 /* Project object */;
			proxyType = 1;
			remoteGlobalIDString = 8F5256BC20E61A3F008CC8E8;
			remoteInfo = R3PIBasket;
		};
/* End PBXContainerItemProxy section */

/* Begin PBXFileReference section */
		8F5256BD20E61A3F008CC8E8 /* R3PIBasket.app */ = {isa = PBXFileReference; explicitFileType = wrapper.application; includeInIndex = 0; path = R3PIBasket.app; sourceTree = BUILT_PRODUCTS_DIR; };
		8F5256C020E61A3F008CC8E8 /* AppDelegate.swift */ = {isa = PBXFileReference; lastKnownFileType = sourcecode.swift; path = AppDelegate.swift; sourceTree = "<group>"; };
		8F5256C220E61A3F008CC8E8 /* EntryViewController.swift */ = {isa = PBXFileReference; lastKnownFileType = sourcecode.swift; path = EntryViewController.swift; sourceTree = "<group>"; };
		8F5256C520E61A3F008CC8E8 /* Base */ = {isa = PBXFileReference; lastKnownFileType = file.storyboard; name = Base; path = Base.lproj/Main.storyboard; sourceTree = "<group>"; };
		8F5256C720E61A40008CC8E8 /* Assets.xcassets */ = {isa = PBXFileReference; lastKnownFileType = folder.assetcatalog; path = Assets.xcassets; sourceTree = "<group>"; };
		8F5256CA20E61A40008CC8E8 /* Base */ = {isa = PBXFileReference; lastKnownFileType = file.storyboard; name = Base; path = Base.lproj/LaunchScreen.storyboard; sourceTree = "<group>"; };
		8F5256CC20E61A40008CC8E8 /* Info.plist */ = {isa = PBXFileReference; lastKnownFileType = text.plist.xml; path = Info.plist; sourceTree = "<group>"; };
		8F5256D120E61A40008CC8E8 /* R3PIBasketTests.xctest */ = {isa = PBXFileReference; explicitFileType = wrapper.cfbundle; includeInIndex = 0; path = R3PIBasketTests.xctest; sourceTree = BUILT_PRODUCTS_DIR; };
		8F5256D520E61A40008CC8E8 /* R3PIBasketTests.swift */ = {isa = PBXFileReference; lastKnownFileType = sourcecode.swift; path = R3PIBasketTests.swift; sourceTree = "<group>"; };
		8F5256D720E61A40008CC8E8 /* Info.plist */ = {isa = PBXFileReference; lastKnownFileType = text.plist.xml; path = Info.plist; sourceTree = "<group>"; };
		8F5256DC20E61A40008CC8E8 /* R3PIBasketUITests.xctest */ = {isa = PBXFileReference; explicitFileType = wrapper.cfbundle; includeInIndex = 0; path = R3PIBasketUITests.xctest; sourceTree = BUILT_PRODUCTS_DIR; };
		8F5256E020E61A40008CC8E8 /* R3PIBasketUITests.swift */ = {isa = PBXFileReference; lastKnownFileType = sourcecode.swift; path = R3PIBasketUITests.swift; sourceTree = "<group>"; };
		8F5256E220E61A40008CC8E8 /* Info.plist */ = {isa = PBXFileReference; lastKnownFileType = text.plist.xml; path = Info.plist; sourceTree = "<group>"; };
		8F5256F220E61B28008CC8E8 /* AppConstants.swift */ = {isa = PBXFileReference; fileEncoding = 4; lastKnownFileType = sourcecode.swift; path = AppConstants.swift; sourceTree = "<group>"; };
		8F5256F520E61BB8008CC8E8 /* iKKExtensions.swift */ = {isa = PBXFileReference; fileEncoding = 4; lastKnownFileType = sourcecode.swift; path = iKKExtensions.swift; sourceTree = "<group>"; };
		8F5256F620E61BB8008CC8E8 /* iKKFunctions.swift */ = {isa = PBXFileReference; fileEncoding = 4; lastKnownFileType = sourcecode.swift; path = iKKFunctions.swift; sourceTree = "<group>"; };
		8F5256FA20E61D20008CC8E8 /* NetworkReachability.swift */ = {isa = PBXFileReference; fileEncoding = 4; lastKnownFileType = sourcecode.swift; path = NetworkReachability.swift; sourceTree = "<group>"; };
		8F5256FE20E6212D008CC8E8 /* Quotes.swift */ = {isa = PBXFileReference; fileEncoding = 4; lastKnownFileType = sourcecode.swift; path = Quotes.swift; sourceTree = "<group>"; };
		8F5256FF20E6212D008CC8E8 /* CurrencyModelResult.swift */ = {isa = PBXFileReference; fileEncoding = 4; lastKnownFileType = sourcecode.swift; path = CurrencyModelResult.swift; sourceTree = "<group>"; };
		8F52570220E624CF008CC8E8 /* CurrencyPlayerAPI.swift */ = {isa = PBXFileReference; fileEncoding = 4; lastKnownFileType = sourcecode.swift; path = CurrencyPlayerAPI.swift; sourceTree = "<group>"; };
		8F52570520E625D0008CC8E8 /* CurrencyPlayerFetcher.swift */ = {isa = PBXFileReference; fileEncoding = 4; lastKnownFileType = sourcecode.swift; path = CurrencyPlayerFetcher.swift; sourceTree = "<group>"; };
		8F52570820E62708008CC8E8 /* iKKErrors.swift */ = {isa = PBXFileReference; fileEncoding = 4; lastKnownFileType = sourcecode.swift; path = iKKErrors.swift; sourceTree = "<group>"; };
		8F52570A20E63660008CC8E8 /* CurrenyChoiceTableViewController.swift */ = {isa = PBXFileReference; fileEncoding = 4; lastKnownFileType = sourcecode.swift; path = CurrenyChoiceTableViewController.swift; sourceTree = "<group>"; };
		8F536FDB20E63B3700321A8D /* Currency.swift */ = {isa = PBXFileReference; lastKnownFileType = sourcecode.swift; path = Currency.swift; sourceTree = "<group>"; };
		8F536FDD20E63F2F00321A8D /* iKKProtocols.swift */ = {isa = PBXFileReference; lastKnownFileType = sourcecode.swift; path = iKKProtocols.swift; sourceTree = "<group>"; };
		8F536FE020E6421300321A8D /* CurrencyCustomTableViewCell.swift */ = {isa = PBXFileReference; fileEncoding = 4; lastKnownFileType = sourcecode.swift; path = CurrencyCustomTableViewCell.swift; sourceTree = "<group>"; };
		8F536FE320E6443C00321A8D /* UIButton_iKK.swift */ = {isa = PBXFileReference; fileEncoding = 4; lastKnownFileType = sourcecode.swift; path = UIButton_iKK.swift; sourceTree = "<group>"; };
		8FF9C08B20E9650F003A140C /* ProductChoiceViewController.swift */ = {isa = PBXFileReference; lastKnownFileType = sourcecode.swift; path = ProductChoiceViewController.swift; sourceTree = "<group>"; };
		8FF9C08D20E965DB003A140C /* ProductChoiceCustomTableViewCell.swift */ = {isa = PBXFileReference; lastKnownFileType = sourcecode.swift; path = ProductChoiceCustomTableViewCell.swift; sourceTree = "<group>"; };
		8FF9C08F20E96B9C003A140C /* ProductsChoiceModel.swift */ = {isa = PBXFileReference; lastKnownFileType = sourcecode.swift; path = ProductsChoiceModel.swift; sourceTree = "<group>"; };
/* End PBXFileReference section */

/* Begin PBXFrameworksBuildPhase section */
		8F5256BA20E61A3F008CC8E8 /* Frameworks */ = {
			isa = PBXFrameworksBuildPhase;
			buildActionMask = 2147483647;
			files = (
			);
			runOnlyForDeploymentPostprocessing = 0;
		};
		8F5256CE20E61A40008CC8E8 /* Frameworks */ = {
			isa = PBXFrameworksBuildPhase;
			buildActionMask = 2147483647;
			files = (
			);
			runOnlyForDeploymentPostprocessing = 0;
		};
		8F5256D920E61A40008CC8E8 /* Frameworks */ = {
			isa = PBXFrameworksBuildPhase;
			buildActionMask = 2147483647;
			files = (
			);
			runOnlyForDeploymentPostprocessing = 0;
		};
/* End PBXFrameworksBuildPhase section */

/* Begin PBXGroup section */
		8F5256B420E61A3F008CC8E8 = {
			isa = PBXGroup;
			children = (
				8F5256BF20E61A3F008CC8E8 /* R3PIBasket */,
				8F5256D420E61A40008CC8E8 /* R3PIBasketTests */,
				8F5256DF20E61A40008CC8E8 /* R3PIBasketUITests */,
				8F5256BE20E61A3F008CC8E8 /* Products */,
			);
			sourceTree = "<group>";
		};
		8F5256BE20E61A3F008CC8E8 /* Products */ = {
			isa = PBXGroup;
			children = (
				8F5256BD20E61A3F008CC8E8 /* R3PIBasket.app */,
				8F5256D120E61A40008CC8E8 /* R3PIBasketTests.xctest */,
				8F5256DC20E61A40008CC8E8 /* R3PIBasketUITests.xctest */,
			);
			name = Products;
			sourceTree = "<group>";
		};
		8F5256BF20E61A3F008CC8E8 /* R3PIBasket */ = {
			isa = PBXGroup;
			children = (
				8F5256F920E61CFF008CC8E8 /* Network */,
				8F5256F020E61A58008CC8E8 /* APIs */,
				8F52570420E62593008CC8E8 /* NetworkFetchersParsers */,
				8F5256EE20E61A46008CC8E8 /* Models */,
				8F5256EF20E61A51008CC8E8 /* ViewModels */,
				8F536FDF20E641D700321A8D /* CustomTableViewCells */,
				8F536FE220E6442000321A8D /* Custom_UI_elements */,
				8F5256F120E61AB1008CC8E8 /* ViewControllers */,
				8F5256C020E61A3F008CC8E8 /* AppDelegate.swift */,
				8F5256F220E61B28008CC8E8 /* AppConstants.swift */,
				8F5256C420E61A3F008CC8E8 /* Main.storyboard */,
				8F5256C720E61A40008CC8E8 /* Assets.xcassets */,
				8F5256CC20E61A40008CC8E8 /* Info.plist */,
				8F5256F420E61BA3008CC8E8 /* iKKHelpers */,
				8F5256FC20E61F30008CC8E8 /* SupportFiles */,
			);
			path = R3PIBasket;
			sourceTree = "<group>";
		};
		8F5256D420E61A40008CC8E8 /* R3PIBasketTests */ = {
			isa = PBXGroup;
			children = (
				8F5256D520E61A40008CC8E8 /* R3PIBasketTests.swift */,
				8F5256D720E61A40008CC8E8 /* Info.plist */,
			);
			path = R3PIBasketTests;
			sourceTree = "<group>";
		};
		8F5256DF20E61A40008CC8E8 /* R3PIBasketUITests */ = {
			isa = PBXGroup;
			children = (
				8F5256E020E61A40008CC8E8 /* R3PIBasketUITests.swift */,
				8F5256E220E61A40008CC8E8 /* Info.plist */,
			);
			path = R3PIBasketUITests;
			sourceTree = "<group>";
		};
		8F5256EE20E61A46008CC8E8 /* Models */ = {
			isa = PBXGroup;
			children = (
				8FF9C09120E96BB7003A140C /* ProductsModel */,
				8F5256FD20E6211E008CC8E8 /* CurrencyPlayerModel */,
			);
			path = Models;
			sourceTree = "<group>";
		};
		8F5256EF20E61A51008CC8E8 /* ViewModels */ = {
			isa = PBXGroup;
			children = (
			);
			path = ViewModels;
			sourceTree = "<group>";
		};
		8F5256F020E61A58008CC8E8 /* APIs */ = {
			isa = PBXGroup;
			children = (
				8F52570220E624CF008CC8E8 /* CurrencyPlayerAPI.swift */,
			);
			path = APIs;
			sourceTree = "<group>";
		};
		8F5256F120E61AB1008CC8E8 /* ViewControllers */ = {
			isa = PBXGroup;
			children = (
				8F5256C220E61A3F008CC8E8 /* EntryViewController.swift */,
				8FF9C08B20E9650F003A140C /* ProductChoiceViewController.swift */,
				8F52570A20E63660008CC8E8 /* CurrenyChoiceTableViewController.swift */,
			);
			path = ViewControllers;
			sourceTree = "<group>";
		};
		8F5256F420E61BA3008CC8E8 /* iKKHelpers */ = {
			isa = PBXGroup;
			children = (
				8F5256F520E61BB8008CC8E8 /* iKKExtensions.swift */,
				8F5256F620E61BB8008CC8E8 /* iKKFunctions.swift */,
				8F52570820E62708008CC8E8 /* iKKErrors.swift */,
				8F536FDD20E63F2F00321A8D /* iKKProtocols.swift */,
			);
			path = iKKHelpers;
			sourceTree = "<group>";
		};
		8F5256F920E61CFF008CC8E8 /* Network */ = {
			isa = PBXGroup;
			children = (
				8F5256FA20E61D20008CC8E8 /* NetworkReachability.swift */,
			);
			path = Network;
			sourceTree = "<group>";
		};
		8F5256FC20E61F30008CC8E8 /* SupportFiles */ = {
			isa = PBXGroup;
			children = (
				8F5256C920E61A40008CC8E8 /* LaunchScreen.storyboard */,
			);
			path = SupportFiles;
			sourceTree = "<group>";
		};
		8F5256FD20E6211E008CC8E8 /* CurrencyPlayerModel */ = {
			isa = PBXGroup;
			children = (
				8F5256FF20E6212D008CC8E8 /* CurrencyModelResult.swift */,
				8F5256FE20E6212D008CC8E8 /* Quotes.swift */,
				8F536FDB20E63B3700321A8D /* Currency.swift */,
			);
			path = CurrencyPlayerModel;
			sourceTree = "<group>";
		};
		8F52570420E62593008CC8E8 /* NetworkFetchersParsers */ = {
			isa = PBXGroup;
			children = (
				8F52570520E625D0008CC8E8 /* CurrencyPlayerFetcher.swift */,
			);
			path = NetworkFetchersParsers;
			sourceTree = "<group>";
		};
		8F536FDF20E641D700321A8D /* CustomTableViewCells */ = {
			isa = PBXGroup;
			children = (
				8F536FE020E6421300321A8D /* CurrencyCustomTableViewCell.swift */,
				8FF9C08D20E965DB003A140C /* ProductChoiceCustomTableViewCell.swift */,
			);
			path = CustomTableViewCells;
			sourceTree = "<group>";
		};
		8F536FE220E6442000321A8D /* Custom_UI_elements */ = {
			isa = PBXGroup;
			children = (
				8F536FE320E6443C00321A8D /* UIButton_iKK.swift */,
			);
			path = Custom_UI_elements;
			sourceTree = "<group>";
		};
		8FF9C09120E96BB7003A140C /* ProductsModel */ = {
			isa = PBXGroup;
			children = (
				8FF9C08F20E96B9C003A140C /* ProductsChoiceModel.swift */,
			);
			path = ProductsModel;
			sourceTree = "<group>";
		};
/* End PBXGroup section */

/* Begin PBXNativeTarget section */
		8F5256BC20E61A3F008CC8E8 /* R3PIBasket */ = {
			isa = PBXNativeTarget;
			buildConfigurationList = 8F5256E520E61A40008CC8E8 /* Build configuration list for PBXNativeTarget "R3PIBasket" */;
			buildPhases = (
				8F5256B920E61A3F008CC8E8 /* Sources */,
				8F5256BA20E61A3F008CC8E8 /* Frameworks */,
				8F5256BB20E61A3F008CC8E8 /* Resources */,
			);
			buildRules = (
			);
			dependencies = (
			);
			name = R3PIBasket;
			productName = R3PIBasket;
			productReference = 8F5256BD20E61A3F008CC8E8 /* R3PIBasket.app */;
			productType = "com.apple.product-type.application";
		};
		8F5256D020E61A40008CC8E8 /* R3PIBasketTests */ = {
			isa = PBXNativeTarget;
			buildConfigurationList = 8F5256E820E61A40008CC8E8 /* Build configuration list for PBXNativeTarget "R3PIBasketTests" */;
			buildPhases = (
				8F5256CD20E61A40008CC8E8 /* Sources */,
				8F5256CE20E61A40008CC8E8 /* Frameworks */,
				8F5256CF20E61A40008CC8E8 /* Resources */,
			);
			buildRules = (
			);
			dependencies = (
				8F5256D320E61A40008CC8E8 /* PBXTargetDependency */,
			);
			name = R3PIBasketTests;
			productName = R3PIBasketTests;
			productReference = 8F5256D120E61A40008CC8E8 /* R3PIBasketTests.xctest */;
			productType = "com.apple.product-type.bundle.unit-test";
		};
		8F5256DB20E61A40008CC8E8 /* R3PIBasketUITests */ = {
			isa = PBXNativeTarget;
			buildConfigurationList = 8F5256EB20E61A40008CC8E8 /* Build configuration list for PBXNativeTarget "R3PIBasketUITests" */;
			buildPhases = (
				8F5256D820E61A40008CC8E8 /* Sources */,
				8F5256D920E61A40008CC8E8 /* Frameworks */,
				8F5256DA20E61A40008CC8E8 /* Resources */,
			);
			buildRules = (
			);
			dependencies = (
				8F5256DE20E61A40008CC8E8 /* PBXTargetDependency */,
			);
			name = R3PIBasketUITests;
			productName = R3PIBasketUITests;
			productReference = 8F5256DC20E61A40008CC8E8 /* R3PIBasketUITests.xctest */;
			productType = "com.apple.product-type.bundle.ui-testing";
		};
/* End PBXNativeTarget section */

/* Begin PBXProject section */
		8F5256B520E61A3F008CC8E8 /* Project object */ = {
			isa = PBXProject;
			attributes = {
				LastSwiftUpdateCheck = 0940;
				LastUpgradeCheck = 0940;
				ORGANIZATIONNAME = "Ideen Kaffee Korner";
				TargetAttributes = {
					8F5256BC20E61A3F008CC8E8 = {
						CreatedOnToolsVersion = 9.4.1;
					};
					8F5256D020E61A40008CC8E8 = {
						CreatedOnToolsVersion = 9.4.1;
						TestTargetID = 8F5256BC20E61A3F008CC8E8;
					};
					8F5256DB20E61A40008CC8E8 = {
						CreatedOnToolsVersion = 9.4.1;
						TestTargetID = 8F5256BC20E61A3F008CC8E8;
					};
				};
			};
			buildConfigurationList = 8F5256B820E61A3F008CC8E8 /* Build configuration list for PBXProject "R3PIBasket" */;
			compatibilityVersion = "Xcode 9.3";
			developmentRegion = en;
			hasScannedForEncodings = 0;
			knownRegions = (
				en,
				Base,
			);
			mainGroup = 8F5256B420E61A3F008CC8E8;
			productRefGroup = 8F5256BE20E61A3F008CC8E8 /* Products */;
			projectDirPath = "";
			projectRoot = "";
			targets = (
				8F5256BC20E61A3F008CC8E8 /* R3PIBasket */,
				8F5256D020E61A40008CC8E8 /* R3PIBasketTests */,
				8F5256DB20E61A40008CC8E8 /* R3PIBasketUITests */,
			);
		};
/* End PBXProject section */

/* Begin PBXResourcesBuildPhase section */
		8F5256BB20E61A3F008CC8E8 /* Resources */ = {
			isa = PBXResourcesBuildPhase;
			buildActionMask = 2147483647;
			files = (
				8F5256CB20E61A40008CC8E8 /* LaunchScreen.storyboard in Resources */,
				8F5256C820E61A40008CC8E8 /* Assets.xcassets in Resources */,
				8F5256C620E61A3F008CC8E8 /* Main.storyboard in Resources */,
			);
			runOnlyForDeploymentPostprocessing = 0;
		};
		8F5256CF20E61A40008CC8E8 /* Resources */ = {
			isa = PBXResourcesBuildPhase;
			buildActionMask = 2147483647;
			files = (
			);
			runOnlyForDeploymentPostprocessing = 0;
		};
		8F5256DA20E61A40008CC8E8 /* Resources */ = {
			isa = PBXResourcesBuildPhase;
			buildActionMask = 2147483647;
			files = (
			);
			runOnlyForDeploymentPostprocessing = 0;
		};
/* End PBXResourcesBuildPhase section */

/* Begin PBXSourcesBuildPhase section */
		8F5256B920E61A3F008CC8E8 /* Sources */ = {
			isa = PBXSourcesBuildPhase;
			buildActionMask = 2147483647;
			files = (
				8F52570320E624CF008CC8E8 /* CurrencyPlayerAPI.swift in Sources */,
				8F536FDE20E63F2F00321A8D /* iKKProtocols.swift in Sources */,
				8F52570620E625D0008CC8E8 /* CurrencyPlayerFetcher.swift in Sources */,
				8F52570020E6212D008CC8E8 /* Quotes.swift in Sources */,
				8F52570920E62708008CC8E8 /* iKKErrors.swift in Sources */,
				8FF9C08E20E965DB003A140C /* ProductChoiceCustomTableViewCell.swift in Sources */,
				8F536FE420E6443C00321A8D /* UIButton_iKK.swift in Sources */,
				8F5256C320E61A3F008CC8E8 /* EntryViewController.swift in Sources */,
				8FF9C09020E96B9C003A140C /* ProductsChoiceModel.swift in Sources */,
				8F5256F720E61BB8008CC8E8 /* iKKExtensions.swift in Sources */,
				8F5256F320E61B29008CC8E8 /* AppConstants.swift in Sources */,
				8F52570B20E63660008CC8E8 /* CurrenyChoiceTableViewController.swift in Sources */,
				8F536FDC20E63B3700321A8D /* Currency.swift in Sources */,
				8F5256F820E61BB8008CC8E8 /* iKKFunctions.swift in Sources */,
				8F52570120E6212D008CC8E8 /* CurrencyModelResult.swift in Sources */,
				8F536FE120E6421300321A8D /* CurrencyCustomTableViewCell.swift in Sources */,
				8FF9C08C20E9650F003A140C /* ProductChoiceViewController.swift in Sources */,
				8F5256C120E61A3F008CC8E8 /* AppDelegate.swift in Sources */,
				8F5256FB20E61D20008CC8E8 /* NetworkReachability.swift in Sources */,
			);
			runOnlyForDeploymentPostprocessing = 0;
		};
		8F5256CD20E61A40008CC8E8 /* Sources */ = {
			isa = PBXSourcesBuildPhase;
			buildActionMask = 2147483647;
			files = (
				8F5256D620E61A40008CC8E8 /* R3PIBasketTests.swift in Sources */,
			);
			runOnlyForDeploymentPostprocessing = 0;
		};
		8F5256D820E61A40008CC8E8 /* Sources */ = {
			isa = PBXSourcesBuildPhase;
			buildActionMask = 2147483647;
			files = (
				8F5256E120E61A40008CC8E8 /* R3PIBasketUITests.swift in Sources */,
			);
			runOnlyForDeploymentPostprocessing = 0;
		};
/* End PBXSourcesBuildPhase section */

/* Begin PBXTargetDependency section */
		8F5256D320E61A40008CC8E8 /* PBXTargetDependency */ = {
			isa = PBXTargetDependency;
			target = 8F5256BC20E61A3F008CC8E8 /* R3PIBasket */;
			targetProxy = 8F5256D220E61A40008CC8E8 /* PBXContainerItemProxy */;
		};
		8F5256DE20E61A40008CC8E8 /* PBXTargetDependency */ = {
			isa = PBXTargetDependency;
			target = 8F5256BC20E61A3F008CC8E8 /* R3PIBasket */;
			targetProxy = 8F5256DD20E61A40008CC8E8 /* PBXContainerItemProxy */;
		};
/* End PBXTargetDependency section */

/* Begin PBXVariantGroup section */
		8F5256C420E61A3F008CC8E8 /* Main.storyboard */ = {
			isa = PBXVariantGroup;
			children = (
				8F5256C520E61A3F008CC8E8 /* Base */,
			);
			name = Main.storyboard;
			sourceTree = "<group>";
		};
		8F5256C920E61A40008CC8E8 /* LaunchScreen.storyboard */ = {
			isa = PBXVariantGroup;
			children = (
				8F5256CA20E61A40008CC8E8 /* Base */,
			);
			name = LaunchScreen.storyboard;
			sourceTree = "<group>";
		};
/* End PBXVariantGroup section */

/* Begin XCBuildConfiguration section */
		8F5256E320E61A40008CC8E8 /* Debug */ = {
			isa = XCBuildConfiguration;
			buildSettings = {
				ALWAYS_SEARCH_USER_PATHS = NO;
				CLANG_ANALYZER_NONNULL = YES;
				CLANG_ANALYZER_NUMBER_OBJECT_CONVERSION = YES_AGGRESSIVE;
				CLANG_CXX_LANGUAGE_STANDARD = "gnu++14";
				CLANG_CXX_LIBRARY = "libc++";
				CLANG_ENABLE_MODULES = YES;
				CLANG_ENABLE_OBJC_ARC = YES;
				CLANG_ENABLE_OBJC_WEAK = YES;
				CLANG_WARN_BLOCK_CAPTURE_AUTORELEASING = YES;
				CLANG_WARN_BOOL_CONVERSION = YES;
				CLANG_WARN_COMMA = YES;
				CLANG_WARN_CONSTANT_CONVERSION = YES;
				CLANG_WARN_DEPRECATED_OBJC_IMPLEMENTATIONS = YES;
				CLANG_WARN_DIRECT_OBJC_ISA_USAGE = YES_ERROR;
				CLANG_WARN_DOCUMENTATION_COMMENTS = YES;
				CLANG_WARN_EMPTY_BODY = YES;
				CLANG_WARN_ENUM_CONVERSION = YES;
				CLANG_WARN_INFINITE_RECURSION = YES;
				CLANG_WARN_INT_CONVERSION = YES;
				CLANG_WARN_NON_LITERAL_NULL_CONVERSION = YES;
				CLANG_WARN_OBJC_IMPLICIT_RETAIN_SELF = YES;
				CLANG_WARN_OBJC_LITERAL_CONVERSION = YES;
				CLANG_WARN_OBJC_ROOT_CLASS = YES_ERROR;
				CLANG_WARN_RANGE_LOOP_ANALYSIS = YES;
				CLANG_WARN_STRICT_PROTOTYPES = YES;
				CLANG_WARN_SUSPICIOUS_MOVE = YES;
				CLANG_WARN_UNGUARDED_AVAILABILITY = YES_AGGRESSIVE;
				CLANG_WARN_UNREACHABLE_CODE = YES;
				CLANG_WARN__DUPLICATE_METHOD_MATCH = YES;
				CODE_SIGN_IDENTITY = "iPhone Developer";
				COPY_PHASE_STRIP = NO;
				DEBUG_INFORMATION_FORMAT = dwarf;
				ENABLE_STRICT_OBJC_MSGSEND = YES;
				ENABLE_TESTABILITY = YES;
				GCC_C_LANGUAGE_STANDARD = gnu11;
				GCC_DYNAMIC_NO_PIC = NO;
				GCC_NO_COMMON_BLOCKS = YES;
				GCC_OPTIMIZATION_LEVEL = 0;
				GCC_PREPROCESSOR_DEFINITIONS = (
					"DEBUG=1",
					"$(inherited)",
				);
				GCC_WARN_64_TO_32_BIT_CONVERSION = YES;
				GCC_WARN_ABOUT_RETURN_TYPE = YES_ERROR;
				GCC_WARN_UNDECLARED_SELECTOR = YES;
				GCC_WARN_UNINITIALIZED_AUTOS = YES_AGGRESSIVE;
				GCC_WARN_UNUSED_FUNCTION = YES;
				GCC_WARN_UNUSED_VARIABLE = YES;
				IPHONEOS_DEPLOYMENT_TARGET = 11.4;
				MTL_ENABLE_DEBUG_INFO = YES;
				ONLY_ACTIVE_ARCH = YES;
				SDKROOT = iphoneos;
				SWIFT_ACTIVE_COMPILATION_CONDITIONS = DEBUG;
				SWIFT_OPTIMIZATION_LEVEL = "-Onone";
			};
			name = Debug;
		};
		8F5256E420E61A40008CC8E8 /* Release */ = {
			isa = XCBuildConfiguration;
			buildSettings = {
				ALWAYS_SEARCH_USER_PATHS = NO;
				CLANG_ANALYZER_NONNULL = YES;
				CLANG_ANALYZER_NUMBER_OBJECT_CONVERSION = YES_AGGRESSIVE;
				CLANG_CXX_LANGUAGE_STANDARD = "gnu++14";
				CLANG_CXX_LIBRARY = "libc++";
				CLANG_ENABLE_MODULES = YES;
				CLANG_ENABLE_OBJC_ARC = YES;
				CLANG_ENABLE_OBJC_WEAK = YES;
				CLANG_WARN_BLOCK_CAPTURE_AUTORELEASING = YES;
				CLANG_WARN_BOOL_CONVERSION = YES;
				CLANG_WARN_COMMA = YES;
				CLANG_WARN_CONSTANT_CONVERSION = YES;
				CLANG_WARN_DEPRECATED_OBJC_IMPLEMENTATIONS = YES;
				CLANG_WARN_DIRECT_OBJC_ISA_USAGE = YES_ERROR;
				CLANG_WARN_DOCUMENTATION_COMMENTS = YES;
				CLANG_WARN_EMPTY_BODY = YES;
				CLANG_WARN_ENUM_CONVERSION = YES;
				CLANG_WARN_INFINITE_RECURSION = YES;
				CLANG_WARN_INT_CONVERSION = YES;
				CLANG_WARN_NON_LITERAL_NULL_CONVERSION = YES;
				CLANG_WARN_OBJC_IMPLICIT_RETAIN_SELF = YES;
				CLANG_WARN_OBJC_LITERAL_CONVERSION = YES;
				CLANG_WARN_OBJC_ROOT_CLASS = YES_ERROR;
				CLANG_WARN_RANGE_LOOP_ANALYSIS = YES;
				CLANG_WARN_STRICT_PROTOTYPES = YES;
				CLANG_WARN_SUSPICIOUS_MOVE = YES;
				CLANG_WARN_UNGUARDED_AVAILABILITY = YES_AGGRESSIVE;
				CLANG_WARN_UNREACHABLE_CODE = YES;
				CLANG_WARN__DUPLICATE_METHOD_MATCH = YES;
				CODE_SIGN_IDENTITY = "iPhone Developer";
				COPY_PHASE_STRIP = NO;
				DEBUG_INFORMATION_FORMAT = "dwarf-with-dsym";
				ENABLE_NS_ASSERTIONS = NO;
				ENABLE_STRICT_OBJC_MSGSEND = YES;
				GCC_C_LANGUAGE_STANDARD = gnu11;
				GCC_NO_COMMON_BLOCKS = YES;
				GCC_WARN_64_TO_32_BIT_CONVERSION = YES;
				GCC_WARN_ABOUT_RETURN_TYPE = YES_ERROR;
				GCC_WARN_UNDECLARED_SELECTOR = YES;
				GCC_WARN_UNINITIALIZED_AUTOS = YES_AGGRESSIVE;
				GCC_WARN_UNUSED_FUNCTION = YES;
				GCC_WARN_UNUSED_VARIABLE = YES;
				IPHONEOS_DEPLOYMENT_TARGET = 11.4;
				MTL_ENABLE_DEBUG_INFO = NO;
				SDKROOT = iphoneos;
				SWIFT_COMPILATION_MODE = wholemodule;
				SWIFT_OPTIMIZATION_LEVEL = "-O";
				VALIDATE_PRODUCT = YES;
			};
			name = Release;
		};
		8F5256E620E61A40008CC8E8 /* Debug */ = {
			isa = XCBuildConfiguration;
			buildSettings = {
				ASSETCATALOG_COMPILER_APPICON_NAME = AppIcon;
				CODE_SIGN_STYLE = Automatic;
				DEVELOPMENT_TEAM = L2LWLYYW3N;
				INFOPLIST_FILE = R3PIBasket/Info.plist;
				IPHONEOS_DEPLOYMENT_TARGET = 11.4;
				LD_RUNPATH_SEARCH_PATHS = (
					"$(inherited)",
					"@executable_path/Frameworks",
				);
				PRODUCT_BUNDLE_IDENTIFIER = ch.ideenkaffee.R3PIBasket;
				PRODUCT_NAME = "$(TARGET_NAME)";
				SWIFT_VERSION = 4.0;
				TARGETED_DEVICE_FAMILY = 1;
			};
			name = Debug;
		};
		8F5256E720E61A40008CC8E8 /* Release */ = {
			isa = XCBuildConfiguration;
			buildSettings = {
				ASSETCATALOG_COMPILER_APPICON_NAME = AppIcon;
				CODE_SIGN_STYLE = Automatic;
				DEVELOPMENT_TEAM = L2LWLYYW3N;
				INFOPLIST_FILE = R3PIBasket/Info.plist;
				IPHONEOS_DEPLOYMENT_TARGET = 11.4;
				LD_RUNPATH_SEARCH_PATHS = (
					"$(inherited)",
					"@executable_path/Frameworks",
				);
				PRODUCT_BUNDLE_IDENTIFIER = ch.ideenkaffee.R3PIBasket;
				PRODUCT_NAME = "$(TARGET_NAME)";
				SWIFT_VERSION = 4.0;
				TARGETED_DEVICE_FAMILY = 1;
			};
			name = Release;
		};
		8F5256E920E61A40008CC8E8 /* Debug */ = {
			isa = XCBuildConfiguration;
			buildSettings = {
				ALWAYS_EMBED_SWIFT_STANDARD_LIBRARIES = YES;
				BUNDLE_LOADER = "$(TEST_HOST)";
				CODE_SIGN_STYLE = Automatic;
				DEVELOPMENT_TEAM = L2LWLYYW3N;
				INFOPLIST_FILE = R3PIBasketTests/Info.plist;
				LD_RUNPATH_SEARCH_PATHS = (
					"$(inherited)",
					"@executable_path/Frameworks",
					"@loader_path/Frameworks",
				);
				PRODUCT_BUNDLE_IDENTIFIER = ch.ideenkaffee.R3PIBasketTests;
				PRODUCT_NAME = "$(TARGET_NAME)";
				SWIFT_VERSION = 4.0;
				TARGETED_DEVICE_FAMILY = "1,2";
				TEST_HOST = "$(BUILT_PRODUCTS_DIR)/R3PIBasket.app/R3PIBasket";
			};
			name = Debug;
		};
		8F5256EA20E61A40008CC8E8 /* Release */ = {
			isa = XCBuildConfiguration;
			buildSettings = {
				ALWAYS_EMBED_SWIFT_STANDARD_LIBRARIES = YES;
				BUNDLE_LOADER = "$(TEST_HOST)";
				CODE_SIGN_STYLE = Automatic;
				DEVELOPMENT_TEAM = L2LWLYYW3N;
				INFOPLIST_FILE = R3PIBasketTests/Info.plist;
				LD_RUNPATH_SEARCH_PATHS = (
					"$(inherited)",
					"@executable_path/Frameworks",
					"@loader_path/Frameworks",
				);
				PRODUCT_BUNDLE_IDENTIFIER = ch.ideenkaffee.R3PIBasketTests;
				PRODUCT_NAME = "$(TARGET_NAME)";
				SWIFT_VERSION = 4.0;
				TARGETED_DEVICE_FAMILY = "1,2";
				TEST_HOST = "$(BUILT_PRODUCTS_DIR)/R3PIBasket.app/R3PIBasket";
			};
			name = Release;
		};
		8F5256EC20E61A40008CC8E8 /* Debug */ = {
			isa = XCBuildConfiguration;
			buildSettings = {
				ALWAYS_EMBED_SWIFT_STANDARD_LIBRARIES = YES;
				CODE_SIGN_STYLE = Automatic;
				DEVELOPMENT_TEAM = L2LWLYYW3N;
				INFOPLIST_FILE = R3PIBasketUITests/Info.plist;
				LD_RUNPATH_SEARCH_PATHS = (
					"$(inherited)",
					"@executable_path/Frameworks",
					"@loader_path/Frameworks",
				);
				PRODUCT_BUNDLE_IDENTIFIER = ch.ideenkaffee.R3PIBasketUITests;
				PRODUCT_NAME = "$(TARGET_NAME)";
				SWIFT_VERSION = 4.0;
				TARGETED_DEVICE_FAMILY = "1,2";
				TEST_TARGET_NAME = R3PIBasket;
			};
			name = Debug;
		};
		8F5256ED20E61A40008CC8E8 /* Release */ = {
			isa = XCBuildConfiguration;
			buildSettings = {
				ALWAYS_EMBED_SWIFT_STANDARD_LIBRARIES = YES;
				CODE_SIGN_STYLE = Automatic;
				DEVELOPMENT_TEAM = L2LWLYYW3N;
				INFOPLIST_FILE = R3PIBasketUITests/Info.plist;
				LD_RUNPATH_SEARCH_PATHS = (
					"$(inherited)",
					"@executable_path/Frameworks",
					"@loader_path/Frameworks",
				);
				PRODUCT_BUNDLE_IDENTIFIER = ch.ideenkaffee.R3PIBasketUITests;
				PRODUCT_NAME = "$(TARGET_NAME)";
				SWIFT_VERSION = 4.0;
				TARGETED_DEVICE_FAMILY = "1,2";
				TEST_TARGET_NAME = R3PIBasket;
			};
			name = Release;
		};
/* End XCBuildConfiguration section */

/* Begin XCConfigurationList section */
		8F5256B820E61A3F008CC8E8 /* Build configuration list for PBXProject "R3PIBasket" */ = {
			isa = XCConfigurationList;
			buildConfigurations = (
				8F5256E320E61A40008CC8E8 /* Debug */,
				8F5256E420E61A40008CC8E8 /* Release */,
			);
			defaultConfigurationIsVisible = 0;
			defaultConfigurationName = Release;
		};
		8F5256E520E61A40008CC8E8 /* Build configuration list for PBXNativeTarget "R3PIBasket" */ = {
			isa = XCConfigurationList;
			buildConfigurations = (
				8F5256E620E61A40008CC8E8 /* Debug */,
				8F5256E720E61A40008CC8E8 /* Release */,
			);
			defaultConfigurationIsVisible = 0;
			defaultConfigurationName = Release;
		};
		8F5256E820E61A40008CC8E8 /* Build configuration list for PBXNativeTarget "R3PIBasketTests" */ = {
			isa = XCConfigurationList;
			buildConfigurations = (
				8F5256E920E61A40008CC8E8 /* Debug */,
				8F5256EA20E61A40008CC8E8 /* Release */,
			);
			defaultConfigurationIsVisible = 0;
			defaultConfigurationName = Release;
		};
		8F5256EB20E61A40008CC8E8 /* Build configuration list for PBXNativeTarget "R3PIBasketUITests" */ = {
			isa = XCConfigurationList;
			buildConfigurations = (
				8F5256EC20E61A40008CC8E8 /* Debug */,
				8F5256ED20E61A40008CC8E8 /* Release */,
			);
			defaultConfigurationIsVisible = 0;
			defaultConfigurationName = Release;
		};
/* End XCConfigurationList section */
	};
	rootObject = 8F5256B520E61A3F008CC8E8 /* Project object */;
}
